// !$*UTF8*$!
{
	archiveVersion = 1;
	classes = {
	};
	objectVersion = 51;
	objects = {

/* Begin PBXBuildFile section */
		93D6739525C3D51A002FAFAA /* AppDelegate.swift in Sources */ = {isa = PBXBuildFile; fileRef = 93D6739425C3D51A002FAFAA /* AppDelegate.swift */; };
		93D6739725C3D51A002FAFAA /* SceneDelegate.swift in Sources */ = {isa = PBXBuildFile; fileRef = 93D6739625C3D51A002FAFAA /* SceneDelegate.swift */; };
		93D6739925C3D51A002FAFAA /* ViewController.swift in Sources */ = {isa = PBXBuildFile; fileRef = 93D6739825C3D51A002FAFAA /* ViewController.swift */; };
		93D6739C25C3D51A002FAFAA /* Main.storyboard in Resources */ = {isa = PBXBuildFile; fileRef = 93D6739A25C3D51A002FAFAA /* Main.storyboard */; };
		93D6739E25C3D51F002FAFAA /* Assets.xcassets in Resources */ = {isa = PBXBuildFile; fileRef = 93D6739D25C3D51F002FAFAA /* Assets.xcassets */; };
		93D673A125C3D51F002FAFAA /* LaunchScreen.storyboard in Resources */ = {isa = PBXBuildFile; fileRef = 93D6739F25C3D51F002FAFAA /* LaunchScreen.storyboard */; };
		93D673AA25C3D582002FAFAA /* SignUpViewController.swift in Sources */ = {isa = PBXBuildFile; fileRef = 93D673A925C3D582002FAFAA /* SignUpViewController.swift */; };
		93D673AD25C3D594002FAFAA /* LoginViewController.swift in Sources */ = {isa = PBXBuildFile; fileRef = 93D673AC25C3D594002FAFAA /* LoginViewController.swift */; };
		93D673B025C3D5B1002FAFAA /* HomeViewController.swift in Sources */ = {isa = PBXBuildFile; fileRef = 93D673AF25C3D5B1002FAFAA /* HomeViewController.swift */; };
		93D673B625C3DD79002FAFAA /* Utilities.swift in Sources */ = {isa = PBXBuildFile; fileRef = 93D673B525C3DD79002FAFAA /* Utilities.swift */; };
		93D673D625C3EE57002FAFAA /* GoogleService-Info.plist in Resources */ = {isa = PBXBuildFile; fileRef = 93D673D525C3EE57002FAFAA /* GoogleService-Info.plist */; };
		93D6740425C68577002FAFAA /* Constants.swift in Sources */ = {isa = PBXBuildFile; fileRef = 93D6740325C68577002FAFAA /* Constants.swift */; };
		93D6740825C69846002FAFAA /* angelo brewing.mp4 in Resources */ = {isa = PBXBuildFile; fileRef = 93D6740725C69845002FAFAA /* angelo brewing.mp4 */; };
		93D6740C25C70E9B002FAFAA /* Tio.mp4 in Resources */ = {isa = PBXBuildFile; fileRef = 93D6740B25C70E9B002FAFAA /* Tio.mp4 */; };
		93D6740F25C70F5F002FAFAA /* TalkItOut.mp4 in Resources */ = {isa = PBXBuildFile; fileRef = 93D6740E25C70F5F002FAFAA /* TalkItOut.mp4 */; };
		93D6741225C70FE8002FAFAA /* TalkItOut2.mp4 in Resources */ = {isa = PBXBuildFile; fileRef = 93D6741125C70FE8002FAFAA /* TalkItOut2.mp4 */; };
		D107749ECD67477FB2228D20 /* Pods_TalkItOutKWK.framework in Frameworks */ = {isa = PBXBuildFile; fileRef = 92EBA8C57BD46DD589B45F4B /* Pods_TalkItOutKWK.framework */; };
/* End PBXBuildFile section */

/* Begin PBXFileReference section */
		03748F0491A8984BF51BFF17 /* Pods-TalkItOutKWK.release.xcconfig */ = {isa = PBXFileReference; includeInIndex = 1; lastKnownFileType = text.xcconfig; name = "Pods-TalkItOutKWK.release.xcconfig"; path = "Target Support Files/Pods-TalkItOutKWK/Pods-TalkItOutKWK.release.xcconfig"; sourceTree = "<group>"; };
		92EBA8C57BD46DD589B45F4B /* Pods_TalkItOutKWK.framework */ = {isa = PBXFileReference; explicitFileType = wrapper.framework; includeInIndex = 0; path = Pods_TalkItOutKWK.framework; sourceTree = BUILT_PRODUCTS_DIR; };
		93D6739125C3D51A002FAFAA /* TalkItOutKWK.app */ = {isa = PBXFileReference; explicitFileType = wrapper.application; includeInIndex = 0; path = TalkItOutKWK.app; sourceTree = BUILT_PRODUCTS_DIR; };
		93D6739425C3D51A002FAFAA /* AppDelegate.swift */ = {isa = PBXFileReference; lastKnownFileType = sourcecode.swift; path = AppDelegate.swift; sourceTree = "<group>"; };
		93D6739625C3D51A002FAFAA /* SceneDelegate.swift */ = {isa = PBXFileReference; lastKnownFileType = sourcecode.swift; path = SceneDelegate.swift; sourceTree = "<group>"; };
		93D6739825C3D51A002FAFAA /* ViewController.swift */ = {isa = PBXFileReference; lastKnownFileType = sourcecode.swift; path = ViewController.swift; sourceTree = "<group>"; };
		93D6739B25C3D51A002FAFAA /* Base */ = {isa = PBXFileReference; lastKnownFileType = file.storyboard; name = Base; path = Base.lproj/Main.storyboard; sourceTree = "<group>"; };
		93D6739D25C3D51F002FAFAA /* Assets.xcassets */ = {isa = PBXFileReference; lastKnownFileType = folder.assetcatalog; path = Assets.xcassets; sourceTree = "<group>"; };
		93D673A025C3D51F002FAFAA /* Base */ = {isa = PBXFileReference; lastKnownFileType = file.storyboard; name = Base; path = Base.lproj/LaunchScreen.storyboard; sourceTree = "<group>"; };
		93D673A225C3D51F002FAFAA /* Info.plist */ = {isa = PBXFileReference; lastKnownFileType = text.plist.xml; path = Info.plist; sourceTree = "<group>"; };
		93D673A925C3D582002FAFAA /* SignUpViewController.swift */ = {isa = PBXFileReference; lastKnownFileType = sourcecode.swift; path = SignUpViewController.swift; sourceTree = "<group>"; };
		93D673AC25C3D594002FAFAA /* LoginViewController.swift */ = {isa = PBXFileReference; lastKnownFileType = sourcecode.swift; path = LoginViewController.swift; sourceTree = "<group>"; };
		93D673AF25C3D5B1002FAFAA /* HomeViewController.swift */ = {isa = PBXFileReference; lastKnownFileType = sourcecode.swift; path = HomeViewController.swift; sourceTree = "<group>"; };
		93D673B525C3DD79002FAFAA /* Utilities.swift */ = {isa = PBXFileReference; fileEncoding = 4; lastKnownFileType = sourcecode.swift; path = Utilities.swift; sourceTree = "<group>"; };
		93D673D525C3EE57002FAFAA /* GoogleService-Info.plist */ = {isa = PBXFileReference; fileEncoding = 4; lastKnownFileType = text.plist.xml; path = "GoogleService-Info.plist"; sourceTree = "<group>"; };
		93D6740325C68577002FAFAA /* Constants.swift */ = {isa = PBXFileReference; lastKnownFileType = sourcecode.swift; path = Constants.swift; sourceTree = "<group>"; };
		93D6740725C69845002FAFAA /* angelo brewing.mp4 */ = {isa = PBXFileReference; lastKnownFileType = file; path = "angelo brewing.mp4"; sourceTree = "<group>"; };
		93D6740B25C70E9B002FAFAA /* Tio.mp4 */ = {isa = PBXFileReference; lastKnownFileType = file; path = Tio.mp4; sourceTree = "<group>"; };
		93D6740E25C70F5F002FAFAA /* TalkItOut.mp4 */ = {isa = PBXFileReference; lastKnownFileType = file; path = TalkItOut.mp4; sourceTree = "<group>"; };
		93D6741125C70FE8002FAFAA /* TalkItOut2.mp4 */ = {isa = PBXFileReference; lastKnownFileType = file; path = TalkItOut2.mp4; sourceTree = "<group>"; };
		BD18D2456A5EAABC5AC45CA9 /* Pods-TalkItOutKWK.debug.xcconfig */ = {isa = PBXFileReference; includeInIndex = 1; lastKnownFileType = text.xcconfig; name = "Pods-TalkItOutKWK.debug.xcconfig"; path = "Target Support Files/Pods-TalkItOutKWK/Pods-TalkItOutKWK.debug.xcconfig"; sourceTree = "<group>"; };
/* End PBXFileReference section */

/* Begin PBXFrameworksBuildPhase section */
		93D6738E25C3D51A002FAFAA /* Frameworks */ = {
			isa = PBXFrameworksBuildPhase;
			buildActionMask = 2147483647;
			files = (
				D107749ECD67477FB2228D20 /* Pods_TalkItOutKWK.framework in Frameworks */,
			);
			runOnlyForDeploymentPostprocessing = 0;
		};
/* End PBXFrameworksBuildPhase section */

/* Begin PBXGroup section */
		00638E42B7FFB07665D58EF4 /* Frameworks */ = {
			isa = PBXGroup;
			children = (
				92EBA8C57BD46DD589B45F4B /* Pods_TalkItOutKWK.framework */,
			);
			name = Frameworks;
			sourceTree = "<group>";
		};
		93D6738825C3D51A002FAFAA = {
			isa = PBXGroup;
			children = (
				93D6739325C3D51A002FAFAA /* TalkItOutKWK */,
				93D6739225C3D51A002FAFAA /* Products */,
				AF69EEF061420CE69FBF48E3 /* Pods */,
				00638E42B7FFB07665D58EF4 /* Frameworks */,
			);
			sourceTree = "<group>";
		};
		93D6739225C3D51A002FAFAA /* Products */ = {
			isa = PBXGroup;
			children = (
				93D6739125C3D51A002FAFAA /* TalkItOutKWK.app */,
			);
			name = Products;
			sourceTree = "<group>";
		};
		93D6739325C3D51A002FAFAA /* TalkItOutKWK */ = {
			isa = PBXGroup;
			children = (
				93D673B225C3D5BD002FAFAA /* View Controllers */,
				93D6739425C3D51A002FAFAA /* AppDelegate.swift */,
				93D6739625C3D51A002FAFAA /* SceneDelegate.swift */,
				93D673B825C3DD89002FAFAA /* Helpers */,
				93D6739A25C3D51A002FAFAA /* Main.storyboard */,
				93D673A225C3D51F002FAFAA /* Info.plist */,
				93D6739D25C3D51F002FAFAA /* Assets.xcassets */,
				93D673D525C3EE57002FAFAA /* GoogleService-Info.plist */,
				93D6739F25C3D51F002FAFAA /* LaunchScreen.storyboard */,
			);
			path = TalkItOutKWK;
			sourceTree = "<group>";
		};
		93D673B225C3D5BD002FAFAA /* View Controllers */ = {
			isa = PBXGroup;
			children = (
				93D6739825C3D51A002FAFAA /* ViewController.swift */,
				93D673AF25C3D5B1002FAFAA /* HomeViewController.swift */,
				93D673AC25C3D594002FAFAA /* LoginViewController.swift */,
				93D673A925C3D582002FAFAA /* SignUpViewController.swift */,
				93D6740625C6982F002FAFAA /* Media */,
			);
			path = "View Controllers";
			sourceTree = "<group>";
		};
		93D673B825C3DD89002FAFAA /* Helpers */ = {
			isa = PBXGroup;
			children = (
				93D673B525C3DD79002FAFAA /* Utilities.swift */,
				93D6740325C68577002FAFAA /* Constants.swift */,
			);
			path = Helpers;
			sourceTree = "<group>";
		};
		93D6740625C6982F002FAFAA /* Media */ = {
			isa = PBXGroup;
			children = (
				93D6740725C69845002FAFAA /* angelo brewing.mp4 */,
				93D6740B25C70E9B002FAFAA /* Tio.mp4 */,
				93D6740E25C70F5F002FAFAA /* TalkItOut.mp4 */,
				93D6741125C70FE8002FAFAA /* TalkItOut2.mp4 */,
			);
			path = Media;
			sourceTree = "<group>";
		};
		AF69EEF061420CE69FBF48E3 /* Pods */ = {
			isa = PBXGroup;
			children = (
				BD18D2456A5EAABC5AC45CA9 /* Pods-TalkItOutKWK.debug.xcconfig */,
				03748F0491A8984BF51BFF17 /* Pods-TalkItOutKWK.release.xcconfig */,
			);
			path = Pods;
			sourceTree = "<group>";
		};
/* End PBXGroup section */

/* Begin PBXNativeTarget section */
		93D6739025C3D51A002FAFAA /* TalkItOutKWK */ = {
			isa = PBXNativeTarget;
			buildConfigurationList = 93D673A525C3D51F002FAFAA /* Build configuration list for PBXNativeTarget "TalkItOutKWK" */;
			buildPhases = (
				D481D734925C12FF7B9A6C5E /* [CP] Check Pods Manifest.lock */,
				93D6738D25C3D51A002FAFAA /* Sources */,
				93D6738E25C3D51A002FAFAA /* Frameworks */,
				93D6738F25C3D51A002FAFAA /* Resources */,
				AEC4D8C79548CE895E0174BA /* [CP] Embed Pods Frameworks */,
			);
			buildRules = (
			);
			dependencies = (
			);
			name = TalkItOutKWK;
			productName = TalkItOutKWK;
			productReference = 93D6739125C3D51A002FAFAA /* TalkItOutKWK.app */;
			productType = "com.apple.product-type.application";
		};
/* End PBXNativeTarget section */

/* Begin PBXProject section */
		93D6738925C3D51A002FAFAA /* Project object */ = {
			isa = PBXProject;
			attributes = {
				LastSwiftUpdateCheck = 1220;
				LastUpgradeCheck = 1220;
				TargetAttributes = {
					93D6739025C3D51A002FAFAA = {
						CreatedOnToolsVersion = 12.2;
					};
				};
			};
			buildConfigurationList = 93D6738C25C3D51A002FAFAA /* Build configuration list for PBXProject "TalkItOutKWK" */;
			compatibilityVersion = "Xcode 9.3";
			developmentRegion = en;
			hasScannedForEncodings = 0;
			knownRegions = (
				en,
				Base,
			);
			mainGroup = 93D6738825C3D51A002FAFAA;
			productRefGroup = 93D6739225C3D51A002FAFAA /* Products */;
			projectDirPath = "";
			projectRoot = "";
			targets = (
				93D6739025C3D51A002FAFAA /* TalkItOutKWK */,
			);
		};
/* End PBXProject section */

/* Begin PBXResourcesBuildPhase section */
		93D6738F25C3D51A002FAFAA /* Resources */ = {
			isa = PBXResourcesBuildPhase;
			buildActionMask = 2147483647;
			files = (
				93D6741225C70FE8002FAFAA /* TalkItOut2.mp4 in Resources */,
				93D6740C25C70E9B002FAFAA /* Tio.mp4 in Resources */,
				93D673A125C3D51F002FAFAA /* LaunchScreen.storyboard in Resources */,
				93D673D625C3EE57002FAFAA /* GoogleService-Info.plist in Resources */,
				93D6739E25C3D51F002FAFAA /* Assets.xcassets in Resources */,
				93D6739C25C3D51A002FAFAA /* Main.storyboard in Resources */,
				93D6740F25C70F5F002FAFAA /* TalkItOut.mp4 in Resources */,
				93D6740825C69846002FAFAA /* angelo brewing.mp4 in Resources */,
			);
			runOnlyForDeploymentPostprocessing = 0;
		};
/* End PBXResourcesBuildPhase section */

/* Begin PBXShellScriptBuildPhase section */
		AEC4D8C79548CE895E0174BA /* [CP] Embed Pods Frameworks */ = {
			isa = PBXShellScriptBuildPhase;
			buildActionMask = 2147483647;
			files = (
			);
			inputFileListPaths = (
				"${PODS_ROOT}/Target Support Files/Pods-TalkItOutKWK/Pods-TalkItOutKWK-frameworks-${CONFIGURATION}-input-files.xcfilelist",
			);
			name = "[CP] Embed Pods Frameworks";
			outputFileListPaths = (
				"${PODS_ROOT}/Target Support Files/Pods-TalkItOutKWK/Pods-TalkItOutKWK-frameworks-${CONFIGURATION}-output-files.xcfilelist",
			);
			runOnlyForDeploymentPostprocessing = 0;
			shellPath = /bin/sh;
			shellScript = "\"${PODS_ROOT}/Target Support Files/Pods-TalkItOutKWK/Pods-TalkItOutKWK-frameworks.sh\"\n";
			showEnvVarsInLog = 0;
		};
		D481D734925C12FF7B9A6C5E /* [CP] Check Pods Manifest.lock */ = {
			isa = PBXShellScriptBuildPhase;
			buildActionMask = 2147483647;
			files = (
			);
			inputFileListPaths = (
			);
			inputPaths = (
				"${PODS_PODFILE_DIR_PATH}/Podfile.lock",
				"${PODS_ROOT}/Manifest.lock",
			);
			name = "[CP] Check Pods Manifest.lock";
			outputFileListPaths = (
			);
			outputPaths = (
				"$(DERIVED_FILE_DIR)/Pods-TalkItOutKWK-checkManifestLockResult.txt",
			);
			runOnlyForDeploymentPostprocessing = 0;
			shellPath = /bin/sh;
			shellScript = "diff \"${PODS_PODFILE_DIR_PATH}/Podfile.lock\" \"${PODS_ROOT}/Manifest.lock\" > /dev/null\nif [ $? != 0 ] ; then\n    # print error to STDERR\n    echo \"error: The sandbox is not in sync with the Podfile.lock. Run 'pod install' or update your CocoaPods installation.\" >&2\n    exit 1\nfi\n# This output is used by Xcode 'outputs' to avoid re-running this script phase.\necho \"SUCCESS\" > \"${SCRIPT_OUTPUT_FILE_0}\"\n";
			showEnvVarsInLog = 0;
		};
/* End PBXShellScriptBuildPhase section */

/* Begin PBXSourcesBuildPhase section */
		93D6738D25C3D51A002FAFAA /* Sources */ = {
			isa = PBXSourcesBuildPhase;
			buildActionMask = 2147483647;
			files = (
				93D6739925C3D51A002FAFAA /* ViewController.swift in Sources */,
				93D6739525C3D51A002FAFAA /* AppDelegate.swift in Sources */,
				93D673B625C3DD79002FAFAA /* Utilities.swift in Sources */,
				93D673AA25C3D582002FAFAA /* SignUpViewController.swift in Sources */,
				93D673AD25C3D594002FAFAA /* LoginViewController.swift in Sources */,
				93D6739725C3D51A002FAFAA /* SceneDelegate.swift in Sources */,
				93D673B025C3D5B1002FAFAA /* HomeViewController.swift in Sources */,
				93D6740425C68577002FAFAA /* Constants.swift in Sources */,
			);
			runOnlyForDeploymentPostprocessing = 0;
		};
/* End PBXSourcesBuildPhase section */

/* Begin PBXVariantGroup section */
		93D6739A25C3D51A002FAFAA /* Main.storyboard */ = {
			isa = PBXVariantGroup;
			children = (
				93D6739B25C3D51A002FAFAA /* Base */,
			);
			name = Main.storyboard;
			sourceTree = "<group>";
		};
		93D6739F25C3D51F002FAFAA /* LaunchScreen.storyboard */ = {
			isa = PBXVariantGroup;
			children = (
				93D673A025C3D51F002FAFAA /* Base */,
			);
			name = LaunchScreen.storyboard;
			sourceTree = "<group>";
		};
/* End PBXVariantGroup section */

/* Begin XCBuildConfiguration section */
		93D673A325C3D51F002FAFAA /* Debug */ = {
			isa = XCBuildConfiguration;
			buildSettings = {
				ALWAYS_SEARCH_USER_PATHS = NO;
				CLANG_ANALYZER_NONNULL = YES;
				CLANG_ANALYZER_NUMBER_OBJECT_CONVERSION = YES_AGGRESSIVE;
				CLANG_CXX_LANGUAGE_STANDARD = "gnu++14";
				CLANG_CXX_LIBRARY = "libc++";
				CLANG_ENABLE_MODULES = YES;
				CLANG_ENABLE_OBJC_ARC = YES;
				CLANG_ENABLE_OBJC_WEAK = YES;
				CLANG_WARN_BLOCK_CAPTURE_AUTORELEASING = YES;
				CLANG_WARN_BOOL_CONVERSION = YES;
				CLANG_WARN_COMMA = YES;
				CLANG_WARN_CONSTANT_CONVERSION = YES;
				CLANG_WARN_DEPRECATED_OBJC_IMPLEMENTATIONS = YES;
				CLANG_WARN_DIRECT_OBJC_ISA_USAGE = YES_ERROR;
				CLANG_WARN_DOCUMENTATION_COMMENTS = YES;
				CLANG_WARN_EMPTY_BODY = YES;
				CLANG_WARN_ENUM_CONVERSION = YES;
				CLANG_WARN_INFINITE_RECURSION = YES;
				CLANG_WARN_INT_CONVERSION = YES;
				CLANG_WARN_NON_LITERAL_NULL_CONVERSION = YES;
				CLANG_WARN_OBJC_IMPLICIT_RETAIN_SELF = YES;
				CLANG_WARN_OBJC_LITERAL_CONVERSION = YES;
				CLANG_WARN_OBJC_ROOT_CLASS = YES_ERROR;
				CLANG_WARN_QUOTED_INCLUDE_IN_FRAMEWORK_HEADER = YES;
				CLANG_WARN_RANGE_LOOP_ANALYSIS = YES;
				CLANG_WARN_STRICT_PROTOTYPES = YES;
				CLANG_WARN_SUSPICIOUS_MOVE = YES;
				CLANG_WARN_UNGUARDED_AVAILABILITY = YES_AGGRESSIVE;
				CLANG_WARN_UNREACHABLE_CODE = YES;
				CLANG_WARN__DUPLICATE_METHOD_MATCH = YES;
				COPY_PHASE_STRIP = NO;
				DEBUG_INFORMATION_FORMAT = dwarf;
				ENABLE_STRICT_OBJC_MSGSEND = YES;
				ENABLE_TESTABILITY = YES;
				GCC_C_LANGUAGE_STANDARD = gnu11;
				GCC_DYNAMIC_NO_PIC = NO;
				GCC_NO_COMMON_BLOCKS = YES;
				GCC_OPTIMIZATION_LEVEL = 0;
				GCC_PREPROCESSOR_DEFINITIONS = (
					"DEBUG=1",
					"$(inherited)",
				);
				GCC_WARN_64_TO_32_BIT_CONVERSION = YES;
				GCC_WARN_ABOUT_RETURN_TYPE = YES_ERROR;
				GCC_WARN_UNDECLARED_SELECTOR = YES;
				GCC_WARN_UNINITIALIZED_AUTOS = YES_AGGRESSIVE;
				GCC_WARN_UNUSED_FUNCTION = YES;
				GCC_WARN_UNUSED_VARIABLE = YES;
				IPHONEOS_DEPLOYMENT_TARGET = 14.2;
				MTL_ENABLE_DEBUG_INFO = INCLUDE_SOURCE;
				MTL_FAST_MATH = YES;
				ONLY_ACTIVE_ARCH = YES;
				SDKROOT = iphoneos;
				SWIFT_ACTIVE_COMPILATION_CONDITIONS = DEBUG;
				SWIFT_OPTIMIZATION_LEVEL = "-Onone";
			};
			name = Debug;
		};
		93D673A425C3D51F002FAFAA /* Release */ = {
			isa = XCBuildConfiguration;
			buildSettings = {
				ALWAYS_SEARCH_USER_PATHS = NO;
				CLANG_ANALYZER_NONNULL = YES;
				CLANG_ANALYZER_NUMBER_OBJECT_CONVERSION = YES_AGGRESSIVE;
				CLANG_CXX_LANGUAGE_STANDARD = "gnu++14";
				CLANG_CXX_LIBRARY = "libc++";
				CLANG_ENABLE_MODULES = YES;
				CLANG_ENABLE_OBJC_ARC = YES;
				CLANG_ENABLE_OBJC_WEAK = YES;
				CLANG_WARN_BLOCK_CAPTURE_AUTORELEASING = YES;
				CLANG_WARN_BOOL_CONVERSION = YES;
				CLANG_WARN_COMMA = YES;
				CLANG_WARN_CONSTANT_CONVERSION = YES;
				CLANG_WARN_DEPRECATED_OBJC_IMPLEMENTATIONS = YES;
				CLANG_WARN_DIRECT_OBJC_ISA_USAGE = YES_ERROR;
				CLANG_WARN_DOCUMENTATION_COMMENTS = YES;
				CLANG_WARN_EMPTY_BODY = YES;
				CLANG_WARN_ENUM_CONVERSION = YES;
				CLANG_WARN_INFINITE_RECURSION = YES;
				CLANG_WARN_INT_CONVERSION = YES;
				CLANG_WARN_NON_LITERAL_NULL_CONVERSION = YES;
				CLANG_WARN_OBJC_IMPLICIT_RETAIN_SELF = YES;
				CLANG_WARN_OBJC_LITERAL_CONVERSION = YES;
				CLANG_WARN_OBJC_ROOT_CLASS = YES_ERROR;
				CLANG_WARN_QUOTED_INCLUDE_IN_FRAMEWORK_HEADER = YES;
				CLANG_WARN_RANGE_LOOP_ANALYSIS = YES;
				CLANG_WARN_STRICT_PROTOTYPES = YES;
				CLANG_WARN_SUSPICIOUS_MOVE = YES;
				CLANG_WARN_UNGUARDED_AVAILABILITY = YES_AGGRESSIVE;
				CLANG_WARN_UNREACHABLE_CODE = YES;
				CLANG_WARN__DUPLICATE_METHOD_MATCH = YES;
				COPY_PHASE_STRIP = NO;
				DEBUG_INFORMATION_FORMAT = "dwarf-with-dsym";
				ENABLE_NS_ASSERTIONS = NO;
				ENABLE_STRICT_OBJC_MSGSEND = YES;
				GCC_C_LANGUAGE_STANDARD = gnu11;
				GCC_NO_COMMON_BLOCKS = YES;
				GCC_WARN_64_TO_32_BIT_CONVERSION = YES;
				GCC_WARN_ABOUT_RETURN_TYPE = YES_ERROR;
				GCC_WARN_UNDECLARED_SELECTOR = YES;
				GCC_WARN_UNINITIALIZED_AUTOS = YES_AGGRESSIVE;
				GCC_WARN_UNUSED_FUNCTION = YES;
				GCC_WARN_UNUSED_VARIABLE = YES;
				IPHONEOS_DEPLOYMENT_TARGET = 14.2;
				MTL_ENABLE_DEBUG_INFO = NO;
				MTL_FAST_MATH = YES;
				SDKROOT = iphoneos;
				SWIFT_COMPILATION_MODE = wholemodule;
				SWIFT_OPTIMIZATION_LEVEL = "-O";
				VALIDATE_PRODUCT = YES;
			};
			name = Release;
		};
		93D673A625C3D51F002FAFAA /* Debug */ = {
			isa = XCBuildConfiguration;
			baseConfigurationReference = BD18D2456A5EAABC5AC45CA9 /* Pods-TalkItOutKWK.debug.xcconfig */;
			buildSettings = {
				ASSETCATALOG_COMPILER_APPICON_NAME = AppIcon;
				ASSETCATALOG_COMPILER_GLOBAL_ACCENT_COLOR_NAME = AccentColor;
				CODE_SIGN_STYLE = Automatic;
				INFOPLIST_FILE = TalkItOutKWK/Info.plist;
				LD_RUNPATH_SEARCH_PATHS = (
					"$(inherited)",
					"@executable_path/Frameworks",
				);
				PRODUCT_BUNDLE_IDENTIFIER = Lily.TalkItOutKWK;
				PRODUCT_NAME = "$(TARGET_NAME)";
				SWIFT_VERSION = 5.0;
				TARGETED_DEVICE_FAMILY = "1,2";
			};
			name = Debug;
		};
		93D673A725C3D51F002FAFAA /* Release */ = {
			isa = XCBuildConfiguration;
			baseConfigurationReference = 03748F0491A8984BF51BFF17 /* Pods-TalkItOutKWK.release.xcconfig */;
			buildSettings = {
				ASSETCATALOG_COMPILER_APPICON_NAME = AppIcon;
				ASSETCATALOG_COMPILER_GLOBAL_ACCENT_COLOR_NAME = AccentColor;
				CODE_SIGN_STYLE = Automatic;
				INFOPLIST_FILE = TalkItOutKWK/Info.plist;
				LD_RUNPATH_SEARCH_PATHS = (
					"$(inherited)",
					"@executable_path/Frameworks",
				);
				PRODUCT_BUNDLE_IDENTIFIER = Lily.TalkItOutKWK;
				PRODUCT_NAME = "$(TARGET_NAME)";
				SWIFT_VERSION = 5.0;
				TARGETED_DEVICE_FAMILY = "1,2";
			};
			name = Release;
		};
/* End XCBuildConfiguration section */

/* Begin XCConfigurationList section */
		93D6738C25C3D51A002FAFAA /* Build configuration list for PBXProject "TalkItOutKWK" */ = {
			isa = XCConfigurationList;
			buildConfigurations = (
				93D673A325C3D51F002FAFAA /* Debug */,
				93D673A425C3D51F002FAFAA /* Release */,
			);
			defaultConfigurationIsVisible = 0;
			defaultConfigurationName = Release;
		};
		93D673A525C3D51F002FAFAA /* Build configuration list for PBXNativeTarget "TalkItOutKWK" */ = {
			isa = XCConfigurationList;
			buildConfigurations = (
				93D673A625C3D51F002FAFAA /* Debug */,
				93D673A725C3D51F002FAFAA /* Release */,
			);
			defaultConfigurationIsVisible = 0;
			defaultConfigurationName = Release;
		};
/* End XCConfigurationList section */
	};
	rootObject = 93D6738925C3D51A002FAFAA /* Project object */;
}
